
Microsoft Visual Studio Solution File, Format Version 12.00
# Visual Studio 15
VisualStudioVersion = 15.0.26124.0
MinimumVisualStudioVersion = 15.0.26124.0
Project("{FAE04EC0-301F-11D3-BF4B-00C04F79EFBC}") = "Parss.Tests", "Parss.Tests\Parss.Tests.csproj", "{233D0EFA-9ED4-43FF-AD73-51A4B8BB9F99}"
EndProject
Project("{FAE04EC0-301F-11D3-BF4B-00C04F79EFBC}") = "Parss.Core", "Parss.Core\Parss.Core.csproj", "{89FA1004-93A2-48A7-BD7D-8416D2FF2A87}"
EndProject
Global
	GlobalSection(SolutionConfigurationPlatforms) = preSolution
		Debug|Any CPU = Debug|Any CPU
		Debug|x64 = Debug|x64
		Debug|x86 = Debug|x86
		Release|Any CPU = Release|Any CPU
		Release|x64 = Release|x64
		Release|x86 = Release|x86
	EndGlobalSection
	GlobalSection(SolutionProperties) = preSolution
		HideSolutionNode = FALSE
	EndGlobalSection
	GlobalSection(ProjectConfigurationPlatforms) = postSolution
		{233D0EFA-9ED4-43FF-AD73-51A4B8BB9F99}.Debug|Any CPU.ActiveCfg = Debug|Any CPU
		{233D0EFA-9ED4-43FF-AD73-51A4B8BB9F99}.Debug|Any CPU.Build.0 = Debug|Any CPU
		{233D0EFA-9ED4-43FF-AD73-51A4B8BB9F99}.Debug|x64.ActiveCfg = Debug|Any CPU
		{233D0EFA-9ED4-43FF-AD73-51A4B8BB9F99}.Debug|x64.Build.0 = Debug|Any CPU
		{233D0EFA-9ED4-43FF-AD73-51A4B8BB9F99}.Debug|x86.ActiveCfg = Debug|Any CPU
		{233D0EFA-9ED4-43FF-AD73-51A4B8BB9F99}.Debug|x86.Build.0 = Debug|Any CPU
		{233D0EFA-9ED4-43FF-AD73-51A4B8BB9F99}.Release|Any CPU.ActiveCfg = Release|Any CPU
		{233D0EFA-9ED4-43FF-AD73-51A4B8BB9F99}.Release|Any CPU.Build.0 = Release|Any CPU
		{233D0EFA-9ED4-43FF-AD73-51A4B8BB9F99}.Release|x64.ActiveCfg = Release|Any CPU
		{233D0EFA-9ED4-43FF-AD73-51A4B8BB9F99}.Release|x64.Build.0 = Release|Any CPU
		{233D0EFA-9ED4-43FF-AD73-51A4B8BB9F99}.Release|x86.ActiveCfg = Release|Any CPU
		{233D0EFA-9ED4-43FF-AD73-51A4B8BB9F99}.Release|x86.Build.0 = Release|Any CPU
		{89FA1004-93A2-48A7-BD7D-8416D2FF2A87}.Debug|Any CPU.ActiveCfg = Debug|Any CPU
		{89FA1004-93A2-48A7-BD7D-8416D2FF2A87}.Debug|Any CPU.Build.0 = Debug|Any CPU
		{89FA1004-93A2-48A7-BD7D-8416D2FF2A87}.Debug|x64.ActiveCfg = Debug|Any CPU
		{89FA1004-93A2-48A7-BD7D-8416D2FF2A87}.Debug|x64.Build.0 = Debug|Any CPU
		{89FA1004-93A2-48A7-BD7D-8416D2FF2A87}.Debug|x86.ActiveCfg = Debug|Any CPU
		{89FA1004-93A2-48A7-BD7D-8416D2FF2A87}.Debug|x86.Build.0 = Debug|Any CPU
		{89FA1004-93A2-48A7-BD7D-8416D2FF2A87}.Release|Any CPU.ActiveCfg = Release|Any CPU
		{89FA1004-93A2-48A7-BD7D-8416D2FF2A87}.Release|Any CPU.Build.0 = Release|Any CPU
		{89FA1004-93A2-48A7-BD7D-8416D2FF2A87}.Release|x64.ActiveCfg = Release|Any CPU
		{89FA1004-93A2-48A7-BD7D-8416D2FF2A87}.Release|x64.Build.0 = Release|Any CPU
		{89FA1004-93A2-48A7-BD7D-8416D2FF2A87}.Release|x86.ActiveCfg = Release|Any CPU
		{89FA1004-93A2-48A7-BD7D-8416D2FF2A87}.Release|x86.Build.0 = Release|Any CPU
	EndGlobalSection
EndGlobal
